{
  "lockfileVersion": 1,
  "workspaces": {
    "": {
      "name": "jsbench",
      "devDependencies": {
        "@types/bun": "latest",
        "lru-cache": "^11.0.2",
        "mnemonist": "^0.40.3",
        "neocache": "^2.3.1",
        "quick-lru": "^7.0.0",
        "s3-fifo-cache": "^0.1.0",
        "tiny-lru": "^11.2.11",
      },
      "peerDependencies": {
        "typescript": "^5",
      },
    },
  },
  "packages": {
    "@types/bun": ["@types/bun@1.2.4", "", { "dependencies": { "bun-types": "1.2.4" } }, "sha512-QtuV5OMR8/rdKJs213iwXDpfVvnskPXY/S0ZiFbsTjQZycuqPbMW8Gf/XhLfwE5njW8sxI2WjISURXPlHypMFA=="],

    "@types/node": ["@types/node@22.13.9", "", { "dependencies": { "undici-types": "~6.20.0" } }, "sha512-acBjXdRJ3A6Pb3tqnw9HZmyR3Fiol3aGxRCK1x3d+6CDAMjl7I649wpSd+yNURCjbOUGu9tqtLKnTGxmK6CyGw=="],

    "@types/ws": ["@types/ws@8.5.14", "", { "dependencies": { "@types/node": "*" } }, "sha512-bd/YFLW+URhBzMXurx7lWByOu+xzU9+kb3RboOteXYDfW+tr+JZa99OyNmPINEGB/ahzKrEuc8rcv4gnpJmxTw=="],

    "bun-types": ["bun-types@1.2.4", "", { "dependencies": { "@types/node": "*", "@types/ws": "~8.5.10" } }, "sha512-nDPymR207ZZEoWD4AavvEaa/KZe/qlrbMSchqpQwovPZCKc7pwMoENjEtHgMKaAjJhy+x6vfqSBA1QU3bJgs0Q=="],

    "lru-cache": ["lru-cache@11.0.2", "", {}, "sha512-123qHRfJBmo2jXDbo/a5YOQrJoHF/GNQTLzQ5+IdK5pWpceK17yRc6ozlWd25FxvGKQbIUs91fDFkXmDHTKcyA=="],

    "mnemonist": ["mnemonist@0.40.3", "", { "dependencies": { "obliterator": "^2.0.4" } }, "sha512-Vjyr90sJ23CKKH/qPAgUKicw/v6pRoamxIEDFOF8uSgFME7DqPRpHgRTejWVjkdGg5dXj0/NyxZHZ9bcjH+2uQ=="],

    "neocache": ["neocache@2.3.1", "", {}, "sha512-fLO0dIa1H1EJtLlBc3DKeZTu3vVsd0BwN5S+koPNDAHBcj6eL61St2ewqwCIPJQAWN8cEBtb89QVzCinQFFw9g=="],

    "obliterator": ["obliterator@2.0.5", "", {}, "sha512-42CPE9AhahZRsMNslczq0ctAEtqk8Eka26QofnqC346BZdHDySk3LWka23LI7ULIw11NmltpiLagIq8gBozxTw=="],

    "quick-lru": ["quick-lru@7.0.0", "", {}, "sha512-MX8gB7cVYTrYcFfAnfLlhRd0+Toyl8yX8uBx1MrX7K0jegiz9TumwOK27ldXrgDlHRdVi+MqU9Ssw6dr4BNreg=="],

    "s3-fifo-cache": ["s3-fifo-cache@0.1.0", "", {}, "sha512-RvUfSIWxgJ6jThOKY6n2PrJklvfRaLM+D6vO4xlwGFTe6SNri5QJ/ZI/8r1DuLnZgjLKCjCxhlx2hXdppNfZ3g=="],

    "tiny-lru": ["tiny-lru@11.2.11", "", {}, "sha512-27BIW0dIWTYYoWNnqSmoNMKe5WIbkXsc0xaCQHd3/3xT2XMuMJrzHdrO9QBFR14emBz1Bu0dOAs2sCBBrvgPQA=="],

    "typescript": ["typescript@5.8.2", "", { "bin": { "tsc": "bin/tsc", "tsserver": "bin/tsserver" } }, "sha512-aJn6wq13/afZp/jT9QZmwEjDqqvSGp1VT5GVg+f/t6/oVyrgXM6BY1h9BRh/O5p3PlUPAe+WuiEZOmb/49RqoQ=="],

    "undici-types": ["undici-types@6.20.0", "", {}, "sha512-Ny6QZ2Nju20vw1SRHe3d9jVu6gJ+4e3+MMpqu7pqE5HT6WsTSlce++GQmK5UXS8mzV8DSYHrQH+Xrf2jVcuKNg=="],
  }
}
